// !$*UTF8*$!
{
	archiveVersion = 1;
	classes = {
	};
	objectVersion = 51;
	objects = {

/* Begin PBXBuildFile section */
		321D2B92DAE87EC8D4B16C16 /* Pods_MicBlog.framework in Frameworks */ = {isa = PBXBuildFile; fileRef = CCEDD65BFC300DE5E194950C /* Pods_MicBlog.framework */; };
		D058C368250FB6DA00E86869 /* NetworkRequestEngine.swift in Sources */ = {isa = PBXBuildFile; fileRef = D058C367250FB6DA00E86869 /* NetworkRequestEngine.swift */; };
		D063ED602513534000F0DA4A /* WeiboSDK.bundle in Resources */ = {isa = PBXBuildFile; fileRef = D063ED5C2513534000F0DA4A /* WeiboSDK.bundle */; };
		D063ED612513534000F0DA4A /* libWeiboSDK.a in Frameworks */ = {isa = PBXBuildFile; fileRef = D063ED5D2513534000F0DA4A /* libWeiboSDK.a */; };
		D063ED702514E9F200F0DA4A /* UserAccount.swift in Sources */ = {isa = PBXBuildFile; fileRef = D063ED6F2514E9F200F0DA4A /* UserAccount.swift */; };
		D091EE862520BFBB00A34676 /* WelcomeViewController.swift in Sources */ = {isa = PBXBuildFile; fileRef = D091EE842520BFBB00A34676 /* WelcomeViewController.swift */; };
		D091EE872520BFBB00A34676 /* WelcomeViewController.xib in Resources */ = {isa = PBXBuildFile; fileRef = D091EE852520BFBB00A34676 /* WelcomeViewController.xib */; };
		D0AD99FA24F40B2C009C65AF /* BaseViewController.swift in Sources */ = {isa = PBXBuildFile; fileRef = D0AD99F924F40B2C009C65AF /* BaseViewController.swift */; };
		D0B042ED251ED37300C2029A /* NewFeatureCollectionViewController.swift in Sources */ = {isa = PBXBuildFile; fileRef = D0B042EB251ED37300C2029A /* NewFeatureCollectionViewController.swift */; };
		D0B042EE251ED37300C2029A /* NewFeatureCollectionViewController.xib in Resources */ = {isa = PBXBuildFile; fileRef = D0B042EC251ED37300C2029A /* NewFeatureCollectionViewController.xib */; };
		D0B042F2251F5E6E00C2029A /* NewFeatureCollectionViewCell.swift in Sources */ = {isa = PBXBuildFile; fileRef = D0B042F0251F5E6E00C2029A /* NewFeatureCollectionViewCell.swift */; };
		D0B042F3251F5E6E00C2029A /* NewFeatureCollectionViewCell.xib in Resources */ = {isa = PBXBuildFile; fileRef = D0B042F1251F5E6E00C2029A /* NewFeatureCollectionViewCell.xib */; };
		D0BDE20324ED75A5007B83F9 /* AppDelegate.swift in Sources */ = {isa = PBXBuildFile; fileRef = D0BDE20224ED75A5007B83F9 /* AppDelegate.swift */; };
		D0BDE20C24ED75A7007B83F9 /* Assets.xcassets in Resources */ = {isa = PBXBuildFile; fileRef = D0BDE20B24ED75A7007B83F9 /* Assets.xcassets */; };
		D0BDE21724ED7EA6007B83F9 /* LaunchScreen.storyboard in Resources */ = {isa = PBXBuildFile; fileRef = D0BDE21624ED7EA6007B83F9 /* LaunchScreen.storyboard */; };
		D0BDE22324EE4948007B83F9 /* MainViewController.swift in Sources */ = {isa = PBXBuildFile; fileRef = D0BDE22224EE4948007B83F9 /* MainViewController.swift */; };
		D0BDE22524EE4966007B83F9 /* ProfileViewController.swift in Sources */ = {isa = PBXBuildFile; fileRef = D0BDE22424EE4966007B83F9 /* ProfileViewController.swift */; };
		D0BDE22724EE4976007B83F9 /* MessageViewController.swift in Sources */ = {isa = PBXBuildFile; fileRef = D0BDE22624EE4976007B83F9 /* MessageViewController.swift */; };
		D0BDE22924EE4984007B83F9 /* DiscoverViewController.swift in Sources */ = {isa = PBXBuildFile; fileRef = D0BDE22824EE4984007B83F9 /* DiscoverViewController.swift */; };
		D0BDE22B24EE4993007B83F9 /* HomeViewController.swift in Sources */ = {isa = PBXBuildFile; fileRef = D0BDE22A24EE4993007B83F9 /* HomeViewController.swift */; };
		D0D3A7D924F6B7860092D385 /* VisitorView.swift in Sources */ = {isa = PBXBuildFile; fileRef = D0D3A7D824F6B7860092D385 /* VisitorView.swift */; };
		D0D3A7DB24F6B7910092D385 /* VisitorView.xib in Resources */ = {isa = PBXBuildFile; fileRef = D0D3A7DA24F6B7910092D385 /* VisitorView.xib */; };
		D0F6AE9E2532CC0A00AE14F9 /* Common.swift in Sources */ = {isa = PBXBuildFile; fileRef = D0F6AE9D2532CC0A00AE14F9 /* Common.swift */; };
		D0F95E1B24F289A800781048 /* MainNavigationController.swift in Sources */ = {isa = PBXBuildFile; fileRef = D0F95E1A24F289A800781048 /* MainNavigationController.swift */; };
		D0F95E1E24F28F1500781048 /* UIButton+Extension.swift in Sources */ = {isa = PBXBuildFile; fileRef = D0F95E1D24F28F1500781048 /* UIButton+Extension.swift */; };
/* End PBXBuildFile section */

/* Begin PBXFileReference section */
		071DAFA2A93DEDB8F098A14C /* Pods-MicBlog.debug.xcconfig */ = {isa = PBXFileReference; includeInIndex = 1; lastKnownFileType = text.xcconfig; name = "Pods-MicBlog.debug.xcconfig"; path = "Target Support Files/Pods-MicBlog/Pods-MicBlog.debug.xcconfig"; sourceTree = "<group>"; };
		7E6B13856451152FD4645066 /* Pods-MicBlog.release.xcconfig */ = {isa = PBXFileReference; includeInIndex = 1; lastKnownFileType = text.xcconfig; name = "Pods-MicBlog.release.xcconfig"; path = "Target Support Files/Pods-MicBlog/Pods-MicBlog.release.xcconfig"; sourceTree = "<group>"; };
		CCEDD65BFC300DE5E194950C /* Pods_MicBlog.framework */ = {isa = PBXFileReference; explicitFileType = wrapper.framework; includeInIndex = 0; path = Pods_MicBlog.framework; sourceTree = BUILT_PRODUCTS_DIR; };
		D058C367250FB6DA00E86869 /* NetworkRequestEngine.swift */ = {isa = PBXFileReference; lastKnownFileType = sourcecode.swift; path = NetworkRequestEngine.swift; sourceTree = "<group>"; };
		D063ED5C2513534000F0DA4A /* WeiboSDK.bundle */ = {isa = PBXFileReference; lastKnownFileType = "wrapper.plug-in"; path = WeiboSDK.bundle; sourceTree = "<group>"; };
		D063ED5D2513534000F0DA4A /* libWeiboSDK.a */ = {isa = PBXFileReference; lastKnownFileType = archive.ar; path = libWeiboSDK.a; sourceTree = "<group>"; };
		D063ED5E2513534000F0DA4A /* WBHttpRequest.h */ = {isa = PBXFileReference; fileEncoding = 4; lastKnownFileType = sourcecode.c.h; path = WBHttpRequest.h; sourceTree = "<group>"; };
		D063ED5F2513534000F0DA4A /* WeiboSDK.h */ = {isa = PBXFileReference; fileEncoding = 4; lastKnownFileType = sourcecode.c.h; path = WeiboSDK.h; sourceTree = "<group>"; };
		D063ED652513557700F0DA4A /* MicBlog-Bridging-Header.h */ = {isa = PBXFileReference; lastKnownFileType = sourcecode.c.h; path = "MicBlog-Bridging-Header.h"; sourceTree = "<group>"; };
		D063ED6F2514E9F200F0DA4A /* UserAccount.swift */ = {isa = PBXFileReference; lastKnownFileType = sourcecode.swift; path = UserAccount.swift; sourceTree = "<group>"; };
		D091EE842520BFBB00A34676 /* WelcomeViewController.swift */ = {isa = PBXFileReference; lastKnownFileType = sourcecode.swift; path = WelcomeViewController.swift; sourceTree = "<group>"; };
		D091EE852520BFBB00A34676 /* WelcomeViewController.xib */ = {isa = PBXFileReference; lastKnownFileType = file.xib; path = WelcomeViewController.xib; sourceTree = "<group>"; };
		D0AD99F924F40B2C009C65AF /* BaseViewController.swift */ = {isa = PBXFileReference; lastKnownFileType = sourcecode.swift; path = BaseViewController.swift; sourceTree = "<group>"; };
		D0B042EB251ED37300C2029A /* NewFeatureCollectionViewController.swift */ = {isa = PBXFileReference; lastKnownFileType = sourcecode.swift; path = NewFeatureCollectionViewController.swift; sourceTree = "<group>"; };
		D0B042EC251ED37300C2029A /* NewFeatureCollectionViewController.xib */ = {isa = PBXFileReference; lastKnownFileType = file.xib; path = NewFeatureCollectionViewController.xib; sourceTree = "<group>"; };
		D0B042F0251F5E6E00C2029A /* NewFeatureCollectionViewCell.swift */ = {isa = PBXFileReference; lastKnownFileType = sourcecode.swift; path = NewFeatureCollectionViewCell.swift; sourceTree = "<group>"; };
		D0B042F1251F5E6E00C2029A /* NewFeatureCollectionViewCell.xib */ = {isa = PBXFileReference; lastKnownFileType = file.xib; path = NewFeatureCollectionViewCell.xib; sourceTree = "<group>"; };
		D0BDE1FF24ED75A5007B83F9 /* 微博.app */ = {isa = PBXFileReference; explicitFileType = wrapper.application; includeInIndex = 0; path = "微博.app"; sourceTree = BUILT_PRODUCTS_DIR; };
		D0BDE20224ED75A5007B83F9 /* AppDelegate.swift */ = {isa = PBXFileReference; lastKnownFileType = sourcecode.swift; path = AppDelegate.swift; sourceTree = "<group>"; };
		D0BDE20B24ED75A7007B83F9 /* Assets.xcassets */ = {isa = PBXFileReference; lastKnownFileType = folder.assetcatalog; path = Assets.xcassets; sourceTree = "<group>"; };
		D0BDE21024ED75A7007B83F9 /* Info.plist */ = {isa = PBXFileReference; lastKnownFileType = text.plist.xml; path = Info.plist; sourceTree = "<group>"; };
		D0BDE21624ED7EA6007B83F9 /* LaunchScreen.storyboard */ = {isa = PBXFileReference; fileEncoding = 4; lastKnownFileType = file.storyboard; path = LaunchScreen.storyboard; sourceTree = "<group>"; };
		D0BDE22224EE4948007B83F9 /* MainViewController.swift */ = {isa = PBXFileReference; lastKnownFileType = sourcecode.swift; path = MainViewController.swift; sourceTree = "<group>"; };
		D0BDE22424EE4966007B83F9 /* ProfileViewController.swift */ = {isa = PBXFileReference; lastKnownFileType = sourcecode.swift; path = ProfileViewController.swift; sourceTree = "<group>"; };
		D0BDE22624EE4976007B83F9 /* MessageViewController.swift */ = {isa = PBXFileReference; lastKnownFileType = sourcecode.swift; path = MessageViewController.swift; sourceTree = "<group>"; };
		D0BDE22824EE4984007B83F9 /* DiscoverViewController.swift */ = {isa = PBXFileReference; lastKnownFileType = sourcecode.swift; path = DiscoverViewController.swift; sourceTree = "<group>"; };
		D0BDE22A24EE4993007B83F9 /* HomeViewController.swift */ = {isa = PBXFileReference; lastKnownFileType = sourcecode.swift; path = HomeViewController.swift; sourceTree = "<group>"; };
		D0D3A7D824F6B7860092D385 /* VisitorView.swift */ = {isa = PBXFileReference; lastKnownFileType = sourcecode.swift; path = VisitorView.swift; sourceTree = "<group>"; };
		D0D3A7DA24F6B7910092D385 /* VisitorView.xib */ = {isa = PBXFileReference; lastKnownFileType = file.xib; path = VisitorView.xib; sourceTree = "<group>"; };
		D0F6AE9D2532CC0A00AE14F9 /* Common.swift */ = {isa = PBXFileReference; lastKnownFileType = sourcecode.swift; path = Common.swift; sourceTree = "<group>"; };
		D0F95E1A24F289A800781048 /* MainNavigationController.swift */ = {isa = PBXFileReference; lastKnownFileType = sourcecode.swift; path = MainNavigationController.swift; sourceTree = "<group>"; };
		D0F95E1D24F28F1500781048 /* UIButton+Extension.swift */ = {isa = PBXFileReference; lastKnownFileType = sourcecode.swift; path = "UIButton+Extension.swift"; sourceTree = "<group>"; };
/* End PBXFileReference section */

/* Begin PBXFrameworksBuildPhase section */
		D0BDE1FC24ED75A5007B83F9 /* Frameworks */ = {
			isa = PBXFrameworksBuildPhase;
			buildActionMask = 2147483647;
			files = (
				321D2B92DAE87EC8D4B16C16 /* Pods_MicBlog.framework in Frameworks */,
				D063ED612513534000F0DA4A /* libWeiboSDK.a in Frameworks */,
			);
			runOnlyForDeploymentPostprocessing = 0;
		};
/* End PBXFrameworksBuildPhase section */

/* Begin PBXGroup section */
		96B6985BDEB564ED68695414 /* Pods */ = {
			isa = PBXGroup;
			children = (
				071DAFA2A93DEDB8F098A14C /* Pods-MicBlog.debug.xcconfig */,
				7E6B13856451152FD4645066 /* Pods-MicBlog.release.xcconfig */,
			);
			path = Pods;
			sourceTree = "<group>";
		};
		D063ED5B2513534000F0DA4A /* libWeiboSDK */ = {
			isa = PBXGroup;
			children = (
				D063ED5C2513534000F0DA4A /* WeiboSDK.bundle */,
				D063ED5D2513534000F0DA4A /* libWeiboSDK.a */,
				D063ED5E2513534000F0DA4A /* WBHttpRequest.h */,
				D063ED5F2513534000F0DA4A /* WeiboSDK.h */,
			);
			path = libWeiboSDK;
			sourceTree = "<group>";
		};
		D0B042EA251ED33000C2029A /* NewFeature */ = {
			isa = PBXGroup;
			children = (
				D0B042EB251ED37300C2029A /* NewFeatureCollectionViewController.swift */,
				D0B042EC251ED37300C2029A /* NewFeatureCollectionViewController.xib */,
				D0B042F0251F5E6E00C2029A /* NewFeatureCollectionViewCell.swift */,
				D0B042F1251F5E6E00C2029A /* NewFeatureCollectionViewCell.xib */,
				D091EE842520BFBB00A34676 /* WelcomeViewController.swift */,
				D091EE852520BFBB00A34676 /* WelcomeViewController.xib */,
			);
			path = NewFeature;
			sourceTree = "<group>";
		};
		D0BDE1F624ED75A5007B83F9 = {
			isa = PBXGroup;
			children = (
				D0BDE20124ED75A5007B83F9 /* MicBlog */,
				D0BDE20024ED75A5007B83F9 /* Products */,
				96B6985BDEB564ED68695414 /* Pods */,
				D70A64B3C94F22B51A75B44F /* Frameworks */,
			);
			sourceTree = "<group>";
		};
		D0BDE20024ED75A5007B83F9 /* Products */ = {
			isa = PBXGroup;
			children = (
				D0BDE1FF24ED75A5007B83F9 /* 微博.app */,
			);
			name = Products;
			sourceTree = "<group>";
		};
		D0BDE20124ED75A5007B83F9 /* MicBlog */ = {
			isa = PBXGroup;
			children = (
				D0BDE21824EE2F83007B83F9 /* classes */,
				D0BDE20224ED75A5007B83F9 /* AppDelegate.swift */,
				D0BDE20B24ED75A7007B83F9 /* Assets.xcassets */,
				D0BDE21024ED75A7007B83F9 /* Info.plist */,
				D0BDE21624ED7EA6007B83F9 /* LaunchScreen.storyboard */,
			);
			path = MicBlog;
			sourceTree = "<group>";
		};
		D0BDE21824EE2F83007B83F9 /* classes */ = {
			isa = PBXGroup;
			children = (
				D0BDE21924EE2F83007B83F9 /* ViewModel */,
				D0BDE21A24EE2F83007B83F9 /* Tools */,
				D0BDE21B24EE2F83007B83F9 /* Model */,
				D0BDE21C24EE2F83007B83F9 /* View */,
			);
			path = classes;
			sourceTree = SOURCE_ROOT;
		};
		D0BDE21924EE2F83007B83F9 /* ViewModel */ = {
			isa = PBXGroup;
			children = (
			);
			path = ViewModel;
			sourceTree = "<group>";
		};
		D0BDE21A24EE2F83007B83F9 /* Tools */ = {
			isa = PBXGroup;
			children = (
				D063ED5B2513534000F0DA4A /* libWeiboSDK */,
				D0F95E1C24F28EF500781048 /* Extension */,
				D058C367250FB6DA00E86869 /* NetworkRequestEngine.swift */,
				D063ED652513557700F0DA4A /* MicBlog-Bridging-Header.h */,
				D0F6AE9D2532CC0A00AE14F9 /* Common.swift */,
			);
			path = Tools;
			sourceTree = "<group>";
		};
		D0BDE21B24EE2F83007B83F9 /* Model */ = {
			isa = PBXGroup;
			children = (
				D063ED6F2514E9F200F0DA4A /* UserAccount.swift */,
			);
			path = Model;
			sourceTree = "<group>";
		};
		D0BDE21C24EE2F83007B83F9 /* View */ = {
			isa = PBXGroup;
			children = (
				D0B042EA251ED33000C2029A /* NewFeature */,
				D0BDE21D24EE2F83007B83F9 /* Home */,
				D0BDE21E24EE2F83007B83F9 /* Discover */,
				D0BDE21F24EE2F83007B83F9 /* Message */,
				D0BDE22024EE2F83007B83F9 /* Profile */,
				D0BDE22124EE2F83007B83F9 /* Main */,
			);
			path = View;
			sourceTree = "<group>";
		};
		D0BDE21D24EE2F83007B83F9 /* Home */ = {
			isa = PBXGroup;
			children = (
				D0BDE22A24EE4993007B83F9 /* HomeViewController.swift */,
			);
			path = Home;
			sourceTree = "<group>";
		};
		D0BDE21E24EE2F83007B83F9 /* Discover */ = {
			isa = PBXGroup;
			children = (
				D0BDE22824EE4984007B83F9 /* DiscoverViewController.swift */,
			);
			path = Discover;
			sourceTree = "<group>";
		};
		D0BDE21F24EE2F83007B83F9 /* Message */ = {
			isa = PBXGroup;
			children = (
				D0BDE22624EE4976007B83F9 /* MessageViewController.swift */,
			);
			path = Message;
			sourceTree = "<group>";
		};
		D0BDE22024EE2F83007B83F9 /* Profile */ = {
			isa = PBXGroup;
			children = (
				D0BDE22424EE4966007B83F9 /* ProfileViewController.swift */,
			);
			path = Profile;
			sourceTree = "<group>";
		};
		D0BDE22124EE2F83007B83F9 /* Main */ = {
			isa = PBXGroup;
			children = (
				D0D3A7D724F6B7610092D385 /* VisitorView */,
				D0BDE22224EE4948007B83F9 /* MainViewController.swift */,
				D0F95E1A24F289A800781048 /* MainNavigationController.swift */,
				D0AD99F924F40B2C009C65AF /* BaseViewController.swift */,
			);
			path = Main;
			sourceTree = "<group>";
		};
		D0D3A7D724F6B7610092D385 /* VisitorView */ = {
			isa = PBXGroup;
			children = (
				D0D3A7D824F6B7860092D385 /* VisitorView.swift */,
				D0D3A7DA24F6B7910092D385 /* VisitorView.xib */,
			);
			path = VisitorView;
			sourceTree = "<group>";
		};
		D0F95E1C24F28EF500781048 /* Extension */ = {
			isa = PBXGroup;
			children = (
				D0F95E1D24F28F1500781048 /* UIButton+Extension.swift */,
			);
			path = Extension;
			sourceTree = "<group>";
		};
		D70A64B3C94F22B51A75B44F /* Frameworks */ = {
			isa = PBXGroup;
			children = (
				CCEDD65BFC300DE5E194950C /* Pods_MicBlog.framework */,
			);
			name = Frameworks;
			sourceTree = "<group>";
		};
/* End PBXGroup section */

/* Begin PBXNativeTarget section */
		D0BDE1FE24ED75A5007B83F9 /* MicBlog */ = {
			isa = PBXNativeTarget;
			buildConfigurationList = D0BDE21324ED75A7007B83F9 /* Build configuration list for PBXNativeTarget "MicBlog" */;
			buildPhases = (
				8AA6588267EAC04AB486C887 /* [CP] Check Pods Manifest.lock */,
				D0BDE1FB24ED75A5007B83F9 /* Sources */,
				D0BDE1FC24ED75A5007B83F9 /* Frameworks */,
				D0BDE1FD24ED75A5007B83F9 /* Resources */,
				5807840C253F00200F96CAF5 /* [CP] Embed Pods Frameworks */,
			);
			buildRules = (
			);
			dependencies = (
			);
			name = MicBlog;
			productName = MicBlog;
			productReference = D0BDE1FF24ED75A5007B83F9 /* 微博.app */;
			productType = "com.apple.product-type.application";
		};
/* End PBXNativeTarget section */

/* Begin PBXProject section */
		D0BDE1F724ED75A5007B83F9 /* Project object */ = {
			isa = PBXProject;
			attributes = {
				LastSwiftUpdateCheck = 1160;
				LastUpgradeCheck = 1200;
				ORGANIZATIONNAME = nn;
				TargetAttributes = {
					D0BDE1FE24ED75A5007B83F9 = {
						CreatedOnToolsVersion = 11.6;
						LastSwiftMigration = 1200;
					};
				};
			};
			buildConfigurationList = D0BDE1FA24ED75A5007B83F9 /* Build configuration list for PBXProject "MicBlog" */;
			compatibilityVersion = "Xcode 9.3";
			developmentRegion = en;
			hasScannedForEncodings = 0;
			knownRegions = (
				en,
				Base,
			);
			mainGroup = D0BDE1F624ED75A5007B83F9;
			productRefGroup = D0BDE20024ED75A5007B83F9 /* Products */;
			projectDirPath = "";
			projectRoot = "";
			targets = (
				D0BDE1FE24ED75A5007B83F9 /* MicBlog */,
			);
		};
/* End PBXProject section */

/* Begin PBXResourcesBuildPhase section */
		D0BDE1FD24ED75A5007B83F9 /* Resources */ = {
			isa = PBXResourcesBuildPhase;
			buildActionMask = 2147483647;
			files = (
				D0B042EE251ED37300C2029A /* NewFeatureCollectionViewController.xib in Resources */,
				D091EE872520BFBB00A34676 /* WelcomeViewController.xib in Resources */,
				D0BDE20C24ED75A7007B83F9 /* Assets.xcassets in Resources */,
				D0B042F3251F5E6E00C2029A /* NewFeatureCollectionViewCell.xib in Resources */,
				D063ED602513534000F0DA4A /* WeiboSDK.bundle in Resources */,
				D0BDE21724ED7EA6007B83F9 /* LaunchScreen.storyboard in Resources */,
				D0D3A7DB24F6B7910092D385 /* VisitorView.xib in Resources */,
			);
			runOnlyForDeploymentPostprocessing = 0;
		};
/* End PBXResourcesBuildPhase section */

/* Begin PBXShellScriptBuildPhase section */
		5807840C253F00200F96CAF5 /* [CP] Embed Pods Frameworks */ = {
			isa = PBXShellScriptBuildPhase;
			buildActionMask = 2147483647;
			files = (
			);
			inputFileListPaths = (
				"${PODS_ROOT}/Target Support Files/Pods-MicBlog/Pods-MicBlog-frameworks-${CONFIGURATION}-input-files.xcfilelist",
			);
			name = "[CP] Embed Pods Frameworks";
			outputFileListPaths = (
				"${PODS_ROOT}/Target Support Files/Pods-MicBlog/Pods-MicBlog-frameworks-${CONFIGURATION}-output-files.xcfilelist",
			);
			runOnlyForDeploymentPostprocessing = 0;
			shellPath = /bin/sh;
			shellScript = "\"${PODS_ROOT}/Target Support Files/Pods-MicBlog/Pods-MicBlog-frameworks.sh\"\n";
			showEnvVarsInLog = 0;
		};
		8AA6588267EAC04AB486C887 /* [CP] Check Pods Manifest.lock */ = {
			isa = PBXShellScriptBuildPhase;
			buildActionMask = 2147483647;
			files = (
			);
			inputFileListPaths = (
			);
			inputPaths = (
				"${PODS_PODFILE_DIR_PATH}/Podfile.lock",
				"${PODS_ROOT}/Manifest.lock",
			);
			name = "[CP] Check Pods Manifest.lock";
			outputFileListPaths = (
			);
			outputPaths = (
				"$(DERIVED_FILE_DIR)/Pods-MicBlog-checkManifestLockResult.txt",
			);
			runOnlyForDeploymentPostprocessing = 0;
			shellPath = /bin/sh;
			shellScript = "diff \"${PODS_PODFILE_DIR_PATH}/Podfile.lock\" \"${PODS_ROOT}/Manifest.lock\" > /dev/null\nif [ $? != 0 ] ; then\n    # print error to STDERR\n    echo \"error: The sandbox is not in sync with the Podfile.lock. Run 'pod install' or update your CocoaPods installation.\" >&2\n    exit 1\nfi\n# This output is used by Xcode 'outputs' to avoid re-running this script phase.\necho \"SUCCESS\" > \"${SCRIPT_OUTPUT_FILE_0}\"\n";
			showEnvVarsInLog = 0;
		};
/* End PBXShellScriptBuildPhase section */

/* Begin PBXSourcesBuildPhase section */
		D0BDE1FB24ED75A5007B83F9 /* Sources */ = {
			isa = PBXSourcesBuildPhase;
			buildActionMask = 2147483647;
			files = (
				D0F6AE9E2532CC0A00AE14F9 /* Common.swift in Sources */,
				D0BDE22524EE4966007B83F9 /* ProfileViewController.swift in Sources */,
				D0BDE20324ED75A5007B83F9 /* AppDelegate.swift in Sources */,
				D0BDE22724EE4976007B83F9 /* MessageViewController.swift in Sources */,
				D0BDE22324EE4948007B83F9 /* MainViewController.swift in Sources */,
				D0F95E1B24F289A800781048 /* MainNavigationController.swift in Sources */,
				D0AD99FA24F40B2C009C65AF /* BaseViewController.swift in Sources */,
				D091EE862520BFBB00A34676 /* WelcomeViewController.swift in Sources */,
				D0B042F2251F5E6E00C2029A /* NewFeatureCollectionViewCell.swift in Sources */,
				D0F95E1E24F28F1500781048 /* UIButton+Extension.swift in Sources */,
				D0D3A7D924F6B7860092D385 /* VisitorView.swift in Sources */,
				D063ED702514E9F200F0DA4A /* UserAccount.swift in Sources */,
				D0BDE22924EE4984007B83F9 /* DiscoverViewController.swift in Sources */,
				D0BDE22B24EE4993007B83F9 /* HomeViewController.swift in Sources */,
				D0B042ED251ED37300C2029A /* NewFeatureCollectionViewController.swift in Sources */,
				D058C368250FB6DA00E86869 /* NetworkRequestEngine.swift in Sources */,
			);
			runOnlyForDeploymentPostprocessing = 0;
		};
/* End PBXSourcesBuildPhase section */

/* Begin XCBuildConfiguration section */
		D0BDE21124ED75A7007B83F9 /* Debug */ = {
			isa = XCBuildConfiguration;
			buildSettings = {
				ALWAYS_SEARCH_USER_PATHS = NO;
				CLANG_ANALYZER_NONNULL = YES;
				CLANG_ANALYZER_NUMBER_OBJECT_CONVERSION = YES_AGGRESSIVE;
				CLANG_CXX_LANGUAGE_STANDARD = "gnu++14";
				CLANG_CXX_LIBRARY = "libc++";
				CLANG_ENABLE_MODULES = YES;
				CLANG_ENABLE_OBJC_ARC = YES;
				CLANG_ENABLE_OBJC_WEAK = YES;
				CLANG_WARN_BLOCK_CAPTURE_AUTORELEASING = YES;
				CLANG_WARN_BOOL_CONVERSION = YES;
				CLANG_WARN_COMMA = YES;
				CLANG_WARN_CONSTANT_CONVERSION = YES;
				CLANG_WARN_DEPRECATED_OBJC_IMPLEMENTATIONS = YES;
				CLANG_WARN_DIRECT_OBJC_ISA_USAGE = YES_ERROR;
				CLANG_WARN_DOCUMENTATION_COMMENTS = YES;
				CLANG_WARN_EMPTY_BODY = YES;
				CLANG_WARN_ENUM_CONVERSION = YES;
				CLANG_WARN_INFINITE_RECURSION = YES;
				CLANG_WARN_INT_CONVERSION = YES;
				CLANG_WARN_NON_LITERAL_NULL_CONVERSION = YES;
				CLANG_WARN_OBJC_IMPLICIT_RETAIN_SELF = YES;
				CLANG_WARN_OBJC_LITERAL_CONVERSION = YES;
				CLANG_WARN_OBJC_ROOT_CLASS = YES_ERROR;
				CLANG_WARN_QUOTED_INCLUDE_IN_FRAMEWORK_HEADER = YES;
				CLANG_WARN_RANGE_LOOP_ANALYSIS = YES;
				CLANG_WARN_STRICT_PROTOTYPES = YES;
				CLANG_WARN_SUSPICIOUS_MOVE = YES;
				CLANG_WARN_UNGUARDED_AVAILABILITY = YES_AGGRESSIVE;
				CLANG_WARN_UNREACHABLE_CODE = YES;
				CLANG_WARN__DUPLICATE_METHOD_MATCH = YES;
				COPY_PHASE_STRIP = NO;
				DEBUG_INFORMATION_FORMAT = dwarf;
				ENABLE_STRICT_OBJC_MSGSEND = YES;
				ENABLE_TESTABILITY = YES;
				GCC_C_LANGUAGE_STANDARD = gnu11;
				GCC_DYNAMIC_NO_PIC = NO;
				GCC_NO_COMMON_BLOCKS = YES;
				GCC_OPTIMIZATION_LEVEL = 0;
				GCC_PREPROCESSOR_DEFINITIONS = (
					"DEBUG=1",
					"$(inherited)",
				);
				GCC_WARN_64_TO_32_BIT_CONVERSION = YES;
				GCC_WARN_ABOUT_RETURN_TYPE = YES_ERROR;
				GCC_WARN_UNDECLARED_SELECTOR = YES;
				GCC_WARN_UNINITIALIZED_AUTOS = YES_AGGRESSIVE;
				GCC_WARN_UNUSED_FUNCTION = YES;
				GCC_WARN_UNUSED_VARIABLE = YES;
				IPHONEOS_DEPLOYMENT_TARGET = 12.0;
				MTL_ENABLE_DEBUG_INFO = INCLUDE_SOURCE;
				MTL_FAST_MATH = YES;
				ONLY_ACTIVE_ARCH = YES;
				SDKROOT = iphoneos;
				SWIFT_ACTIVE_COMPILATION_CONDITIONS = DEBUG;
				SWIFT_OPTIMIZATION_LEVEL = "-Onone";
			};
			name = Debug;
		};
		D0BDE21224ED75A7007B83F9 /* Release */ = {
			isa = XCBuildConfiguration;
			buildSettings = {
				ALWAYS_SEARCH_USER_PATHS = NO;
				CLANG_ANALYZER_NONNULL = YES;
				CLANG_ANALYZER_NUMBER_OBJECT_CONVERSION = YES_AGGRESSIVE;
				CLANG_CXX_LANGUAGE_STANDARD = "gnu++14";
				CLANG_CXX_LIBRARY = "libc++";
				CLANG_ENABLE_MODULES = YES;
				CLANG_ENABLE_OBJC_ARC = YES;
				CLANG_ENABLE_OBJC_WEAK = YES;
				CLANG_WARN_BLOCK_CAPTURE_AUTORELEASING = YES;
				CLANG_WARN_BOOL_CONVERSION = YES;
				CLANG_WARN_COMMA = YES;
				CLANG_WARN_CONSTANT_CONVERSION = YES;
				CLANG_WARN_DEPRECATED_OBJC_IMPLEMENTATIONS = YES;
				CLANG_WARN_DIRECT_OBJC_ISA_USAGE = YES_ERROR;
				CLANG_WARN_DOCUMENTATION_COMMENTS = YES;
				CLANG_WARN_EMPTY_BODY = YES;
				CLANG_WARN_ENUM_CONVERSION = YES;
				CLANG_WARN_INFINITE_RECURSION = YES;
				CLANG_WARN_INT_CONVERSION = YES;
				CLANG_WARN_NON_LITERAL_NULL_CONVERSION = YES;
				CLANG_WARN_OBJC_IMPLICIT_RETAIN_SELF = YES;
				CLANG_WARN_OBJC_LITERAL_CONVERSION = YES;
				CLANG_WARN_OBJC_ROOT_CLASS = YES_ERROR;
				CLANG_WARN_QUOTED_INCLUDE_IN_FRAMEWORK_HEADER = YES;
				CLANG_WARN_RANGE_LOOP_ANALYSIS = YES;
				CLANG_WARN_STRICT_PROTOTYPES = YES;
				CLANG_WARN_SUSPICIOUS_MOVE = YES;
				CLANG_WARN_UNGUARDED_AVAILABILITY = YES_AGGRESSIVE;
				CLANG_WARN_UNREACHABLE_CODE = YES;
				CLANG_WARN__DUPLICATE_METHOD_MATCH = YES;
				COPY_PHASE_STRIP = NO;
				DEBUG_INFORMATION_FORMAT = "dwarf-with-dsym";
				ENABLE_NS_ASSERTIONS = NO;
				ENABLE_STRICT_OBJC_MSGSEND = YES;
				GCC_C_LANGUAGE_STANDARD = gnu11;
				GCC_NO_COMMON_BLOCKS = YES;
				GCC_WARN_64_TO_32_BIT_CONVERSION = YES;
				GCC_WARN_ABOUT_RETURN_TYPE = YES_ERROR;
				GCC_WARN_UNDECLARED_SELECTOR = YES;
				GCC_WARN_UNINITIALIZED_AUTOS = YES_AGGRESSIVE;
				GCC_WARN_UNUSED_FUNCTION = YES;
				GCC_WARN_UNUSED_VARIABLE = YES;
				IPHONEOS_DEPLOYMENT_TARGET = 12.0;
				MTL_ENABLE_DEBUG_INFO = NO;
				MTL_FAST_MATH = YES;
				SDKROOT = iphoneos;
				SWIFT_COMPILATION_MODE = wholemodule;
				SWIFT_OPTIMIZATION_LEVEL = "-O";
				VALIDATE_PRODUCT = YES;
			};
			name = Release;
		};
		D0BDE21424ED75A7007B83F9 /* Debug */ = {
			isa = XCBuildConfiguration;
			baseConfigurationReference = 071DAFA2A93DEDB8F098A14C /* Pods-MicBlog.debug.xcconfig */;
			buildSettings = {
				ASSETCATALOG_COMPILER_APPICON_NAME = AppIcon;
				CLANG_ENABLE_MODULES = YES;
				CODE_SIGN_STYLE = Automatic;
				DEVELOPMENT_TEAM = 99HPKU5V3L;
				INFOPLIST_FILE = MicBlog/Info.plist;
				LD_RUNPATH_SEARCH_PATHS = (
					"$(inherited)",
					"@executable_path/Frameworks",
				);
				LIBRARY_SEARCH_PATHS = (
					"$(inherited)",
					"$(PROJECT_DIR)/classes/Tools/libWeiboSDK",
				);
				MARKETING_VERSION = 1.2;
				OTHER_LDFLAGS = (
					"$(inherited)",
					"-framework",
					"\"Alamofire\"",
					"-framework",
					"\"CFNetwork\"",
					"-framework",
					"\"CoreFoundation\"",
					"-framework",
					"\"CoreGraphics\"",
					"-framework",
					"\"Foundation\"",
					"-framework",
					"\"ImageIO\"",
					"-framework",
					"\"MBProgressHUD\"",
					"-framework",
					"\"MJRefresh\"",
					"-framework",
					"\"Masonry\"",
					"-framework",
					"\"QuartzCore\"",
					"-framework",
					"\"SDWebImage\"",
					"-framework",
					"\"SnapKit\"",
					"-framework",
					"\"TYCyclePagerView\"",
					"-framework",
					"\"TYPagerController\"",
					"-framework",
					"\"UIKit\"",
					"-framework",
					"\"YYModel\"",
					"-ObjC",
				);
				PRODUCT_BUNDLE_IDENTIFIER = com.nn.MicBlog;
				PRODUCT_NAME = "微博";
				SWIFT_OBJC_BRIDGING_HEADER = "classes/Tools/MicBlog-Bridging-Header.h";
				SWIFT_OPTIMIZATION_LEVEL = "-Onone";
				SWIFT_VERSION = 5.0;
				TARGETED_DEVICE_FAMILY = 1;
			};
			name = Debug;
		};
		D0BDE21524ED75A7007B83F9 /* Release */ = {
			isa = XCBuildConfiguration;
			baseConfigurationReference = 7E6B13856451152FD4645066 /* Pods-MicBlog.release.xcconfig */;
			buildSettings = {
				ASSETCATALOG_COMPILER_APPICON_NAME = AppIcon;
				CLANG_ENABLE_MODULES = YES;
				CODE_SIGN_STYLE = Automatic;
				DEVELOPMENT_TEAM = 99HPKU5V3L;
				INFOPLIST_FILE = MicBlog/Info.plist;
				LD_RUNPATH_SEARCH_PATHS = (
					"$(inherited)",
					"@executable_path/Frameworks",
				);
				LIBRARY_SEARCH_PATHS = (
					"$(inherited)",
					"$(PROJECT_DIR)/classes/Tools/libWeiboSDK",
				);
				MARKETING_VERSION = 1.2;
				OTHER_LDFLAGS = (
					"$(inherited)",
					"-framework",
					"\"Alamofire\"",
					"-framework",
					"\"CFNetwork\"",
					"-framework",
					"\"CoreFoundation\"",
					"-framework",
					"\"CoreGraphics\"",
					"-framework",
					"\"Foundation\"",
					"-framework",
					"\"ImageIO\"",
					"-framework",
					"\"MBProgressHUD\"",
					"-framework",
					"\"MJRefresh\"",
					"-framework",
					"\"Masonry\"",
					"-framework",
					"\"QuartzCore\"",
					"-framework",
					"\"SDWebImage\"",
					"-framework",
					"\"SnapKit\"",
					"-framework",
					"\"TYCyclePagerView\"",
					"-framework",
					"\"TYPagerController\"",
					"-framework",
					"\"UIKit\"",
					"-framework",
					"\"YYModel\"",
					"-ObjC",
				);
				PRODUCT_BUNDLE_IDENTIFIER = com.nn.MicBlog;
				PRODUCT_NAME = "微博";
				SWIFT_OBJC_BRIDGING_HEADER = "classes/Tools/MicBlog-Bridging-Header.h";
				SWIFT_VERSION = 5.0;
				TARGETED_DEVICE_FAMILY = 1;
			};
			name = Release;
		};
/* End XCBuildConfiguration section */

/* Begin XCConfigurationList section */
		D0BDE1FA24ED75A5007B83F9 /* Build configuration list for PBXProject "MicBlog" */ = {
			isa = XCConfigurationList;
			buildConfigurations = (
				D0BDE21124ED75A7007B83F9 /* Debug */,
				D0BDE21224ED75A7007B83F9 /* Release */,
			);
			defaultConfigurationIsVisible = 0;
			defaultConfigurationName = Release;
		};
		D0BDE21324ED75A7007B83F9 /* Build configuration list for PBXNativeTarget "MicBlog" */ = {
			isa = XCConfigurationList;
			buildConfigurations = (
				D0BDE21424ED75A7007B83F9 /* Debug */,
				D0BDE21524ED75A7007B83F9 /* Release */,
			);
			defaultConfigurationIsVisible = 0;
			defaultConfigurationName = Release;
		};
/* End XCConfigurationList section */
	};
	rootObject = D0BDE1F724ED75A5007B83F9 /* Project object */;
}
